// !$*UTF8*$!
{
	archiveVersion = 1;
	classes = {
	};
	objectVersion = 46;
	objects = {

/* Begin PBXBuildFile section */
		344553061DDA6C1B007852A1 /* RuntimeModification.swift in Sources */ = {isa = PBXBuildFile; fileRef = 344553051DDA6C1B007852A1 /* RuntimeModification.swift */; };
		344C277F1DD5CDCF008AA223 /* ObjectiveKit.framework in Frameworks */ = {isa = PBXBuildFile; fileRef = 344C27751DD5CDCF008AA223 /* ObjectiveKit.framework */; };
		344C27841DD5CDCF008AA223 /* ObjectiveKitTests.swift in Sources */ = {isa = PBXBuildFile; fileRef = 344C27831DD5CDCF008AA223 /* ObjectiveKitTests.swift */; };
		344C27861DD5CDCF008AA223 /* ObjectiveKit.h in Headers */ = {isa = PBXBuildFile; fileRef = 344C27781DD5CDCF008AA223 /* ObjectiveKit.h */; settings = {ATTRIBUTES = (Public, ); }; };
		344C27901DD5CFAB008AA223 /* ObjectiveClass.swift in Sources */ = {isa = PBXBuildFile; fileRef = 344C278F1DD5CFAB008AA223 /* ObjectiveClass.swift */; };
		344C27941DD6F4E1008AA223 /* RuntimeClass.swift in Sources */ = {isa = PBXBuildFile; fileRef = 344C27931DD6F4E1008AA223 /* RuntimeClass.swift */; };
		B4F3396A249F169A0054DFE5 /* NSObject.swift in Sources */ = {isa = PBXBuildFile; fileRef = B4F33969249F169A0054DFE5 /* NSObject.swift */; };
		B4F3396C249F2BB60054DFE5 /* build.sh in Resources */ = {isa = PBXBuildFile; fileRef = B4F3396B249F2BB60054DFE5 /* build.sh */; };
		B4F3396E249F2BC30054DFE5 /* LICENSE in Resources */ = {isa = PBXBuildFile; fileRef = B4F3396D249F2BC30054DFE5 /* LICENSE */; };
		B4F33970249F2BD10054DFE5 /* ObjectiveKit.podspec in Resources */ = {isa = PBXBuildFile; fileRef = B4F3396F249F2BD10054DFE5 /* ObjectiveKit.podspec */; };
		B4F33972249F2BDF0054DFE5 /* README.md in Resources */ = {isa = PBXBuildFile; fileRef = B4F33971249F2BDF0054DFE5 /* README.md */; };
		B4F33976249F2EE70054DFE5 /* MapKit.framework in Frameworks */ = {isa = PBXBuildFile; fileRef = B4F33974249F2DA90054DFE5 /* MapKit.framework */; };
/* End PBXBuildFile section */

/* Begin PBXContainerItemProxy section */
		344C27801DD5CDCF008AA223 /* PBXContainerItemProxy */ = {
			isa = PBXContainerItemProxy;
			containerPortal = 344C276C1DD5CDCF008AA223 /* Project object */;
			proxyType = 1;
			remoteGlobalIDString = 344C27741DD5CDCF008AA223;
			remoteInfo = ObjectiveKit;
		};
/* End PBXContainerItemProxy section */

/* Begin PBXFileReference section */
		344553051DDA6C1B007852A1 /* RuntimeModification.swift */ = {isa = PBXFileReference; fileEncoding = 4; lastKnownFileType = sourcecode.swift; path = RuntimeModification.swift; sourceTree = "<group>"; };
		344C27751DD5CDCF008AA223 /* ObjectiveKit.framework */ = {isa = PBXFileReference; explicitFileType = wrapper.framework; includeInIndex = 0; path = ObjectiveKit.framework; sourceTree = BUILT_PRODUCTS_DIR; };
		344C27781DD5CDCF008AA223 /* ObjectiveKit.h */ = {isa = PBXFileReference; lastKnownFileType = sourcecode.c.h; path = ObjectiveKit.h; sourceTree = "<group>"; };
		344C27791DD5CDCF008AA223 /* Info.plist */ = {isa = PBXFileReference; lastKnownFileType = text.plist.xml; path = Info.plist; sourceTree = "<group>"; };
		344C277E1DD5CDCF008AA223 /* ObjectiveKitTests.xctest */ = {isa = PBXFileReference; explicitFileType = wrapper.cfbundle; includeInIndex = 0; path = ObjectiveKitTests.xctest; sourceTree = BUILT_PRODUCTS_DIR; };
		344C27831DD5CDCF008AA223 /* ObjectiveKitTests.swift */ = {isa = PBXFileReference; lastKnownFileType = sourcecode.swift; path = ObjectiveKitTests.swift; sourceTree = "<group>"; };
		344C27851DD5CDCF008AA223 /* Info.plist */ = {isa = PBXFileReference; lastKnownFileType = text.plist.xml; path = Info.plist; sourceTree = "<group>"; };
		344C278F1DD5CFAB008AA223 /* ObjectiveClass.swift */ = {isa = PBXFileReference; fileEncoding = 4; lastKnownFileType = sourcecode.swift; path = ObjectiveClass.swift; sourceTree = "<group>"; };
		344C27931DD6F4E1008AA223 /* RuntimeClass.swift */ = {isa = PBXFileReference; fileEncoding = 4; lastKnownFileType = sourcecode.swift; path = RuntimeClass.swift; sourceTree = "<group>"; };
		B4F33969249F169A0054DFE5 /* NSObject.swift */ = {isa = PBXFileReference; lastKnownFileType = sourcecode.swift; path = NSObject.swift; sourceTree = "<group>"; };
		B4F3396B249F2BB60054DFE5 /* build.sh */ = {isa = PBXFileReference; fileEncoding = 4; lastKnownFileType = text.script.sh; path = build.sh; sourceTree = SOURCE_ROOT; };
		B4F3396D249F2BC30054DFE5 /* LICENSE */ = {isa = PBXFileReference; fileEncoding = 4; lastKnownFileType = text; path = LICENSE; sourceTree = SOURCE_ROOT; };
		B4F3396F249F2BD10054DFE5 /* ObjectiveKit.podspec */ = {isa = PBXFileReference; explicitFileType = text.script.ruby; path = ObjectiveKit.podspec; sourceTree = SOURCE_ROOT; };
		B4F33971249F2BDF0054DFE5 /* README.md */ = {isa = PBXFileReference; fileEncoding = 4; lastKnownFileType = net.daringfireball.markdown; path = README.md; sourceTree = SOURCE_ROOT; };
		B4F33974249F2DA90054DFE5 /* MapKit.framework */ = {isa = PBXFileReference; lastKnownFileType = wrapper.framework; name = MapKit.framework; path = Platforms/MacOSX.platform/Developer/SDKs/MacOSX10.15.sdk/System/Library/Frameworks/MapKit.framework; sourceTree = DEVELOPER_DIR; };
/* End PBXFileReference section */

/* Begin PBXFrameworksBuildPhase section */
		344C27711DD5CDCF008AA223 /* Frameworks */ = {
			isa = PBXFrameworksBuildPhase;
			buildActionMask = 2147483647;
			files = (
				B4F33976249F2EE70054DFE5 /* MapKit.framework in Frameworks */,
			);
			runOnlyForDeploymentPostprocessing = 0;
		};
		344C277B1DD5CDCF008AA223 /* Frameworks */ = {
			isa = PBXFrameworksBuildPhase;
			buildActionMask = 2147483647;
			files = (
				344C277F1DD5CDCF008AA223 /* ObjectiveKit.framework in Frameworks */,
			);
			runOnlyForDeploymentPostprocessing = 0;
		};
/* End PBXFrameworksBuildPhase section */

/* Begin PBXGroup section */
		344C276B1DD5CDCF008AA223 = {
			isa = PBXGroup;
			children = (
				B4F33973249F2DA90054DFE5 /* Frameworks */,
				344C27771DD5CDCF008AA223 /* ObjectiveKit */,
				344C27821DD5CDCF008AA223 /* ObjectiveKitTests */,
				344C27761DD5CDCF008AA223 /* Products */,
				B4F33977249F5F9A0054DFE5 /* Supporting Files */,
			);
			sourceTree = "<group>";
		};
		344C27761DD5CDCF008AA223 /* Products */ = {
			isa = PBXGroup;
			children = (
				344C27751DD5CDCF008AA223 /* ObjectiveKit.framework */,
				344C277E1DD5CDCF008AA223 /* ObjectiveKitTests.xctest */,
			);
			name = Products;
			sourceTree = "<group>";
		};
		344C27771DD5CDCF008AA223 /* ObjectiveKit */ = {
			isa = PBXGroup;
			children = (
				B4F33965249F0D110054DFE5 /* Extensions */,
				344C278F1DD5CFAB008AA223 /* ObjectiveClass.swift */,
				344C27781DD5CDCF008AA223 /* ObjectiveKit.h */,
				B4F33966249F0D250054DFE5 /* Protocols */,
				344C27931DD6F4E1008AA223 /* RuntimeClass.swift */,
				B4F33967249F0DCF0054DFE5 /* Supporting Files */,
			);
			path = ObjectiveKit;
			sourceTree = "<group>";
		};
		344C27821DD5CDCF008AA223 /* ObjectiveKitTests */ = {
			isa = PBXGroup;
			children = (
				344C27831DD5CDCF008AA223 /* ObjectiveKitTests.swift */,
				B4F33968249F0DD70054DFE5 /* Supporting Files */,
			);
			path = ObjectiveKitTests;
			sourceTree = "<group>";
		};
		B4F33965249F0D110054DFE5 /* Extensions */ = {
			isa = PBXGroup;
			children = (
				B4F33969249F169A0054DFE5 /* NSObject.swift */,
			);
			name = Extensions;
			sourceTree = "<group>";
		};
		B4F33966249F0D250054DFE5 /* Protocols */ = {
			isa = PBXGroup;
			children = (
				344553051DDA6C1B007852A1 /* RuntimeModification.swift */,
			);
			name = Protocols;
			sourceTree = "<group>";
		};
		B4F33967249F0DCF0054DFE5 /* Supporting Files */ = {
			isa = PBXGroup;
			children = (
				344C27791DD5CDCF008AA223 /* Info.plist */,
			);
			name = "Supporting Files";
			sourceTree = "<group>";
		};
		B4F33968249F0DD70054DFE5 /* Supporting Files */ = {
			isa = PBXGroup;
			children = (
				344C27851DD5CDCF008AA223 /* Info.plist */,
			);
			name = "Supporting Files";
			sourceTree = "<group>";
		};
		B4F33973249F2DA90054DFE5 /* Frameworks */ = {
			isa = PBXGroup;
			children = (
				B4F33974249F2DA90054DFE5 /* MapKit.framework */,
			);
			name = Frameworks;
			sourceTree = "<group>";
		};
		B4F33977249F5F9A0054DFE5 /* Supporting Files */ = {
			isa = PBXGroup;
			children = (
				B4F3396B249F2BB60054DFE5 /* build.sh */,
				B4F3396D249F2BC30054DFE5 /* LICENSE */,
				B4F3396F249F2BD10054DFE5 /* ObjectiveKit.podspec */,
				B4F33971249F2BDF0054DFE5 /* README.md */,
			);
			name = "Supporting Files";
			sourceTree = "<group>";
		};
/* End PBXGroup section */

/* Begin PBXHeadersBuildPhase section */
		344C27721DD5CDCF008AA223 /* Headers */ = {
			isa = PBXHeadersBuildPhase;
			buildActionMask = 2147483647;
			files = (
				344C27861DD5CDCF008AA223 /* ObjectiveKit.h in Headers */,
			);
			runOnlyForDeploymentPostprocessing = 0;
		};
/* End PBXHeadersBuildPhase section */

/* Begin PBXNativeTarget section */
		344C27741DD5CDCF008AA223 /* ObjectiveKit */ = {
			isa = PBXNativeTarget;
			buildConfigurationList = 344C27891DD5CDCF008AA223 /* Build configuration list for PBXNativeTarget "ObjectiveKit" */;
			buildPhases = (
				344C27701DD5CDCF008AA223 /* Sources */,
				344C27711DD5CDCF008AA223 /* Frameworks */,
				344C27721DD5CDCF008AA223 /* Headers */,
				344C27731DD5CDCF008AA223 /* Resources */,
			);
			buildRules = (
			);
			dependencies = (
			);
			name = ObjectiveKit;
			productName = ObjectiveKit;
			productReference = 344C27751DD5CDCF008AA223 /* ObjectiveKit.framework */;
			productType = "com.apple.product-type.framework";
		};
		344C277D1DD5CDCF008AA223 /* ObjectiveKitTests */ = {
			isa = PBXNativeTarget;
			buildConfigurationList = 344C278C1DD5CDCF008AA223 /* Build configuration list for PBXNativeTarget "ObjectiveKitTests" */;
			buildPhases = (
				344C277A1DD5CDCF008AA223 /* Sources */,
				344C277B1DD5CDCF008AA223 /* Frameworks */,
				344C277C1DD5CDCF008AA223 /* Resources */,
			);
			buildRules = (
			);
			dependencies = (
				344C27811DD5CDCF008AA223 /* PBXTargetDependency */,
			);
			name = ObjectiveKitTests;
			productName = ObjectiveKitTests;
			productReference = 344C277E1DD5CDCF008AA223 /* ObjectiveKitTests.xctest */;
			productType = "com.apple.product-type.bundle.unit-test";
		};
/* End PBXNativeTarget section */

/* Begin PBXProject section */
		344C276C1DD5CDCF008AA223 /* Project object */ = {
			isa = PBXProject;
			attributes = {
				LastSwiftUpdateCheck = 0810;
				LastUpgradeCheck = 1150;
				ORGANIZATIONNAME = "Roy Marmelstein";
				TargetAttributes = {
					344C27741DD5CDCF008AA223 = {
						CreatedOnToolsVersion = 8.1;
						DevelopmentTeam = PJWXCWS5U5;
						LastSwiftMigration = 0810;
						ProvisioningStyle = Automatic;
					};
					344C277D1DD5CDCF008AA223 = {
						CreatedOnToolsVersion = 8.1;
						DevelopmentTeam = PJWXCWS5U5;
						ProvisioningStyle = Automatic;
					};
				};
			};
			buildConfigurationList = 344C276F1DD5CDCF008AA223 /* Build configuration list for PBXProject "ObjectiveKit" */;
			compatibilityVersion = "Xcode 3.2";
			developmentRegion = en;
			hasScannedForEncodings = 0;
			knownRegions = (
				en,
				Base,
			);
			mainGroup = 344C276B1DD5CDCF008AA223;
			productRefGroup = 344C27761DD5CDCF008AA223 /* Products */;
			projectDirPath = "";
			projectRoot = "";
			targets = (
				344C27741DD5CDCF008AA223 /* ObjectiveKit */,
				344C277D1DD5CDCF008AA223 /* ObjectiveKitTests */,
			);
		};
/* End PBXProject section */

/* Begin PBXResourcesBuildPhase section */
		344C27731DD5CDCF008AA223 /* Resources */ = {
			isa = PBXResourcesBuildPhase;
			buildActionMask = 2147483647;
			files = (
				B4F33970249F2BD10054DFE5 /* ObjectiveKit.podspec in Resources */,
				B4F3396E249F2BC30054DFE5 /* LICENSE in Resources */,
				B4F33972249F2BDF0054DFE5 /* README.md in Resources */,
				B4F3396C249F2BB60054DFE5 /* build.sh in Resources */,
			);
			runOnlyForDeploymentPostprocessing = 0;
		};
		344C277C1DD5CDCF008AA223 /* Resources */ = {
			isa = PBXResourcesBuildPhase;
			buildActionMask = 2147483647;
			files = (
			);
			runOnlyForDeploymentPostprocessing = 0;
		};
/* End PBXResourcesBuildPhase section */

/* Begin PBXSourcesBuildPhase section */
		344C27701DD5CDCF008AA223 /* Sources */ = {
			isa = PBXSourcesBuildPhase;
			buildActionMask = 2147483647;
			files = (
				344C27901DD5CFAB008AA223 /* ObjectiveClass.swift in Sources */,
				B4F3396A249F169A0054DFE5 /* NSObject.swift in Sources */,
				344553061DDA6C1B007852A1 /* RuntimeModification.swift in Sources */,
				344C27941DD6F4E1008AA223 /* RuntimeClass.swift in Sources */,
			);
			runOnlyForDeploymentPostprocessing = 0;
		};
		344C277A1DD5CDCF008AA223 /* Sources */ = {
			isa = PBXSourcesBuildPhase;
			buildActionMask = 2147483647;
			files = (
				344C27841DD5CDCF008AA223 /* ObjectiveKitTests.swift in Sources */,
			);
			runOnlyForDeploymentPostprocessing = 0;
		};
/* End PBXSourcesBuildPhase section */

/* Begin PBXTargetDependency section */
		344C27811DD5CDCF008AA223 /* PBXTargetDependency */ = {
			isa = PBXTargetDependency;
			target = 344C27741DD5CDCF008AA223 /* ObjectiveKit */;
			targetProxy = 344C27801DD5CDCF008AA223 /* PBXContainerItemProxy */;
		};
/* End PBXTargetDependency section */

/* Begin XCBuildConfiguration section */
		344C27871DD5CDCF008AA223 /* Debug */ = {
			isa = XCBuildConfiguration;
			buildSettings = {
				ALWAYS_SEARCH_USER_PATHS = NO;
				CLANG_ANALYZER_LOCALIZABILITY_NONLOCALIZED = YES;
				CLANG_ANALYZER_NONNULL = YES;
				CLANG_CXX_LANGUAGE_STANDARD = "gnu++0x";
				CLANG_CXX_LIBRARY = "libc++";
				CLANG_ENABLE_MODULES = YES;
				CLANG_ENABLE_OBJC_ARC = YES;
				CLANG_WARN_BLOCK_CAPTURE_AUTORELEASING = YES;
				CLANG_WARN_BOOL_CONVERSION = YES;
				CLANG_WARN_COMMA = YES;
				CLANG_WARN_CONSTANT_CONVERSION = YES;
				CLANG_WARN_DEPRECATED_OBJC_IMPLEMENTATIONS = YES;
				CLANG_WARN_DIRECT_OBJC_ISA_USAGE = YES_ERROR;
				CLANG_WARN_DOCUMENTATION_COMMENTS = YES;
				CLANG_WARN_EMPTY_BODY = YES;
				CLANG_WARN_ENUM_CONVERSION = YES;
				CLANG_WARN_INFINITE_RECURSION = YES;
				CLANG_WARN_INT_CONVERSION = YES;
				CLANG_WARN_NON_LITERAL_NULL_CONVERSION = YES;
				CLANG_WARN_OBJC_IMPLICIT_RETAIN_SELF = YES;
				CLANG_WARN_OBJC_LITERAL_CONVERSION = YES;
				CLANG_WARN_OBJC_ROOT_CLASS = YES_ERROR;
				CLANG_WARN_RANGE_LOOP_ANALYSIS = YES;
				CLANG_WARN_STRICT_PROTOTYPES = YES;
				CLANG_WARN_SUSPICIOUS_MOVE = YES;
				CLANG_WARN_SUSPICIOUS_MOVES = YES;
				CLANG_WARN_UNREACHABLE_CODE = YES;
				CLANG_WARN__DUPLICATE_METHOD_MATCH = YES;
				"CODE_SIGN_IDENTITY[sdk=iphoneos*]" = "iPhone Developer";
				COPY_PHASE_STRIP = NO;
				CURRENT_PROJECT_VERSION = 3;
				DEBUG_INFORMATION_FORMAT = dwarf;
				ENABLE_STRICT_OBJC_MSGSEND = YES;
				ENABLE_TESTABILITY = YES;
				FRAMEWORK_SEARCH_PATHS = "$(inherited)";
				GCC_C_LANGUAGE_STANDARD = gnu99;
				GCC_DYNAMIC_NO_PIC = NO;
				GCC_NO_COMMON_BLOCKS = YES;
				GCC_OPTIMIZATION_LEVEL = 0;
				GCC_PREPROCESSOR_DEFINITIONS = (
					"DEBUG=1",
					"$(inherited)",
				);
				GCC_WARN_64_TO_32_BIT_CONVERSION = YES;
				GCC_WARN_ABOUT_RETURN_TYPE = YES_ERROR;
				GCC_WARN_UNDECLARED_SELECTOR = YES;
				GCC_WARN_UNINITIALIZED_AUTOS = YES_AGGRESSIVE;
				GCC_WARN_UNUSED_FUNCTION = YES;
				GCC_WARN_UNUSED_VARIABLE = YES;
				HEADER_SEARCH_PATHS = "$(inherited)";
				IPHONEOS_DEPLOYMENT_TARGET = 8.0;
				MTL_ENABLE_DEBUG_INFO = YES;
				ONLY_ACTIVE_ARCH = YES;
				SDKROOT = iphoneos;
				SWIFT_ACTIVE_COMPILATION_CONDITIONS = DEBUG;
				SWIFT_OPTIMIZATION_LEVEL = "-Onone";
				SWIFT_VERSION = 5.0;
				TARGETED_DEVICE_FAMILY = "1,2";
				VERSIONING_SYSTEM = "apple-generic";
				VERSION_INFO_PREFIX = "";
			};
			name = Debug;
		};
		344C27881DD5CDCF008AA223 /* Release */ = {
			isa = XCBuildConfiguration;
			buildSettings = {
				ALWAYS_SEARCH_USER_PATHS = NO;
				CLANG_ANALYZER_LOCALIZABILITY_NONLOCALIZED = YES;
				CLANG_ANALYZER_NONNULL = YES;
				CLANG_CXX_LANGUAGE_STANDARD = "gnu++0x";
				CLANG_CXX_LIBRARY = "libc++";
				CLANG_ENABLE_MODULES = YES;
				CLANG_ENABLE_OBJC_ARC = YES;
				CLANG_WARN_BLOCK_CAPTURE_AUTORELEASING = YES;
				CLANG_WARN_BOOL_CONVERSION = YES;
				CLANG_WARN_COMMA = YES;
				CLANG_WARN_CONSTANT_CONVERSION = YES;
				CLANG_WARN_DEPRECATED_OBJC_IMPLEMENTATIONS = YES;
				CLANG_WARN_DIRECT_OBJC_ISA_USAGE = YES_ERROR;
				CLANG_WARN_DOCUMENTATION_COMMENTS = YES;
				CLANG_WARN_EMPTY_BODY = YES;
				CLANG_WARN_ENUM_CONVERSION = YES;
				CLANG_WARN_INFINITE_RECURSION = YES;
				CLANG_WARN_INT_CONVERSION = YES;
				CLANG_WARN_NON_LITERAL_NULL_CONVERSION = YES;
				CLANG_WARN_OBJC_IMPLICIT_RETAIN_SELF = YES;
				CLANG_WARN_OBJC_LITERAL_CONVERSION = YES;
				CLANG_WARN_OBJC_ROOT_CLASS = YES_ERROR;
				CLANG_WARN_RANGE_LOOP_ANALYSIS = YES;
				CLANG_WARN_STRICT_PROTOTYPES = YES;
				CLANG_WARN_SUSPICIOUS_MOVE = YES;
				CLANG_WARN_SUSPICIOUS_MOVES = YES;
				CLANG_WARN_UNREACHABLE_CODE = YES;
				CLANG_WARN__DUPLICATE_METHOD_MATCH = YES;
				"CODE_SIGN_IDENTITY[sdk=iphoneos*]" = "iPhone Developer";
				COPY_PHASE_STRIP = NO;
				CURRENT_PROJECT_VERSION = 3;
				DEBUG_INFORMATION_FORMAT = "dwarf-with-dsym";
				ENABLE_NS_ASSERTIONS = NO;
				ENABLE_STRICT_OBJC_MSGSEND = YES;
				FRAMEWORK_SEARCH_PATHS = "$(inherited)";
				GCC_C_LANGUAGE_STANDARD = gnu99;
				GCC_NO_COMMON_BLOCKS = YES;
				GCC_WARN_64_TO_32_BIT_CONVERSION = YES;
				GCC_WARN_ABOUT_RETURN_TYPE = YES_ERROR;
				GCC_WARN_UNDECLARED_SELECTOR = YES;
				GCC_WARN_UNINITIALIZED_AUTOS = YES_AGGRESSIVE;
				GCC_WARN_UNUSED_FUNCTION = YES;
				GCC_WARN_UNUSED_VARIABLE = YES;
				HEADER_SEARCH_PATHS = "$(inherited)";
				IPHONEOS_DEPLOYMENT_TARGET = 8.0;
				MTL_ENABLE_DEBUG_INFO = NO;
				SDKROOT = iphoneos;
				SWIFT_OPTIMIZATION_LEVEL = "-Owholemodule";
				SWIFT_VERSION = 5.0;
				TARGETED_DEVICE_FAMILY = "1,2";
				VALIDATE_PRODUCT = YES;
				VERSIONING_SYSTEM = "apple-generic";
				VERSION_INFO_PREFIX = "";
			};
			name = Release;
		};
		344C278A1DD5CDCF008AA223 /* Debug */ = {
			isa = XCBuildConfiguration;
			buildSettings = {
				CLANG_ENABLE_MODULES = YES;
				CODE_SIGN_IDENTITY = "";
				"CODE_SIGN_IDENTITY[sdk=macosx*]" = "Apple Development";
				DEFINES_MODULE = YES;
				DEVELOPMENT_TEAM = PJWXCWS5U5;
				DYLIB_COMPATIBILITY_VERSION = 1;
				DYLIB_CURRENT_VERSION = 3;
				DYLIB_INSTALL_NAME_BASE = "@rpath";
				INFOPLIST_FILE = ObjectiveKit/Info.plist;
				INSTALL_PATH = "$(LOCAL_LIBRARY_DIR)/Frameworks";
				IPHONEOS_DEPLOYMENT_TARGET = 8.0;
				LD_RUNPATH_SEARCH_PATHS = "$(inherited) @executable_path/Frameworks @loader_path/Frameworks";
				PRODUCT_BUNDLE_IDENTIFIER = com.roymarmelstein.ObjectiveKit;
				PRODUCT_NAME = "$(TARGET_NAME)";
				SKIP_INSTALL = YES;
				SWIFT_OPTIMIZATION_LEVEL = "-Onone";
				SWIFT_VERSION = 5.0;
			};
			name = Debug;
		};
		344C278B1DD5CDCF008AA223 /* Release */ = {
			isa = XCBuildConfiguration;
			buildSettings = {
				CLANG_ENABLE_MODULES = YES;
				CODE_SIGN_IDENTITY = "";
				"CODE_SIGN_IDENTITY[sdk=macosx*]" = "Apple Development";
				DEFINES_MODULE = YES;
				DEVELOPMENT_TEAM = PJWXCWS5U5;
				DYLIB_COMPATIBILITY_VERSION = 1;
				DYLIB_CURRENT_VERSION = 3;
				DYLIB_INSTALL_NAME_BASE = "@rpath";
				INFOPLIST_FILE = ObjectiveKit/Info.plist;
				INSTALL_PATH = "$(LOCAL_LIBRARY_DIR)/Frameworks";
				IPHONEOS_DEPLOYMENT_TARGET = 8.0;
				LD_RUNPATH_SEARCH_PATHS = "$(inherited) @executable_path/Frameworks @loader_path/Frameworks";
				PRODUCT_BUNDLE_IDENTIFIER = com.roymarmelstein.ObjectiveKit;
				PRODUCT_NAME = "$(TARGET_NAME)";
				SKIP_INSTALL = YES;
				SWIFT_VERSION = 5.0;
			};
			name = Release;
		};
		344C278D1DD5CDCF008AA223 /* Debug */ = {
			isa = XCBuildConfiguration;
			buildSettings = {
				ALWAYS_EMBED_SWIFT_STANDARD_LIBRARIES = YES;
				DEVELOPMENT_TEAM = PJWXCWS5U5;
				INFOPLIST_FILE = ObjectiveKitTests/Info.plist;
				LD_RUNPATH_SEARCH_PATHS = "$(inherited) @executable_path/Frameworks @loader_path/Frameworks";
				PRODUCT_BUNDLE_IDENTIFIER = com.roymarmelstein.ObjectiveKitTests;
				PRODUCT_NAME = "$(TARGET_NAME)";
				SWIFT_VERSION = 5.0;
			};
			name = Debug;
		};
		344C278E1DD5CDCF008AA223 /* Release */ = {
			isa = XCBuildConfiguration;
			buildSettings = {
				ALWAYS_EMBED_SWIFT_STANDARD_LIBRARIES = YES;
				DEVELOPMENT_TEAM = PJWXCWS5U5;
				INFOPLIST_FILE = ObjectiveKitTests/Info.plist;
				LD_RUNPATH_SEARCH_PATHS = "$(inherited) @executable_path/Frameworks @loader_path/Frameworks";
				PRODUCT_BUNDLE_IDENTIFIER = com.roymarmelstein.ObjectiveKitTests;
				PRODUCT_NAME = "$(TARGET_NAME)";
				SWIFT_VERSION = 5.0;
			};
			name = Release;
		};
/* End XCBuildConfiguration section */

/* Begin XCConfigurationList section */
		344C276F1DD5CDCF008AA223 /* Build configuration list for PBXProject "ObjectiveKit" */ = {
			isa = XCConfigurationList;
			buildConfigurations = (
				344C27871DD5CDCF008AA223 /* Debug */,
				344C27881DD5CDCF008AA223 /* Release */,
			);
			defaultConfigurationIsVisible = 0;
			defaultConfigurationName = Release;
		};
		344C27891DD5CDCF008AA223 /* Build configuration list for PBXNativeTarget "ObjectiveKit" */ = {
			isa = XCConfigurationList;
			buildConfigurations = (
				344C278A1DD5CDCF008AA223 /* Debug */,
				344C278B1DD5CDCF008AA223 /* Release */,
			);
			defaultConfigurationIsVisible = 0;
			defaultConfigurationName = Release;
		};
		344C278C1DD5CDCF008AA223 /* Build configuration list for PBXNativeTarget "ObjectiveKitTests" */ = {
			isa = XCConfigurationList;
			buildConfigurations = (
				344C278D1DD5CDCF008AA223 /* Debug */,
				344C278E1DD5CDCF008AA223 /* Release */,
			);
			defaultConfigurationIsVisible = 0;
			defaultConfigurationName = Release;
		};
/* End XCConfigurationList section */
	};
	rootObject = 344C276C1DD5CDCF008AA223 /* Project object */;
}
